
Microsoft Visual Studio Solution File, Format Version 10.00
# Visual Studio 2008
Project("{8BC9CEB8-8B4A-11D0-8D11-00A0C91BC942}") = "AuthKey", "AuthKey\AuthKey.vcproj", "{CAAAD1AA-D3C6-45B9-9403-4441A8E46424}"
EndProject
Global
	GlobalSection(SolutionConfigurationPlatforms) = preSolution
		Debug|Win32 = Debug|Win32
		Release|Win32 = Release|Win32
	EndGlobalSection
	GlobalSection(ProjectConfigurationPlatforms) = postSolution
		{CAAAD1AA-D3C6-45B9-9403-4441A8E46424}.Debug|Win32.ActiveCfg = Debug|Win32
		{CAAAD1AA-D3C6-45B9-9403-4441A8E46424}.Debug|Win32.Build.0 = Debug|Win32
		{CAAAD1AA-D3C6-45B9-9403-4441A8E46424}.Release|Win32.ActiveCfg = Release|Win32
		{CAAAD1AA-D3C6-45B9-9403-4441A8E46424}.Release|Win32.Build.0 = Release|Win32
	EndGlobalSection
	GlobalSection(SolutionProperties) = preSolution
		HideSolutionNode = FALSE
	EndGlobalSection
EndGlobal
